#MicroXplorer Configuration settings - do not modify
Appli.IPs=GPDMA1\:I,HPDMA1\:I,LINKEDLIST\:I,GPIO,NVIC2\:I,RCC,CORTEX_M7_APPLI\:I,NUCLEO-H7S3L8,DCMIPP,USB_DEVICE,USB_OTG_HS,USB_OTG_HS1,PWR,FMC
BSP_IP_NAME=NUCLEO-H7S3L8
Boot.IPs=GPDMA1,HPDMA1,LINKEDLIST,RCC\:I,GPIO,NVIC1\:I,CORTEX_M7_BOOT\:I,XSPI2,SYS,SBS,XSPI1,NUCLEO-H7S3L8,MEMORYMAP\:I,DCMIPP,USB_OTG_HS,USB_OTG_HS1,USB_DEVICE,EXTMEM_MANAGER,PWR,FMC
CAD.formats=
CAD.pinconfig=
CAD.provider=
CORTEX_M7_APPLI.CPU_DCache=Enabled
CORTEX_M7_APPLI.CPU_ICache=Enabled
CORTEX_M7_APPLI.IPParameters=CPU_ICache,CPU_DCache
CORTEX_M7_BOOT.AccessPermission_S-Cortex_Memory_Protection_Unit_Region1_Settings_S=MPU_REGION_FULL_ACCESS
CORTEX_M7_BOOT.BaseAddress_S-Cortex_Memory_Protection_Unit_Region1_Settings_S=0x70000000
CORTEX_M7_BOOT.CPU_DCache=Enabled
CORTEX_M7_BOOT.CPU_ICache=Enabled
CORTEX_M7_BOOT.Enable_S-Cortex_Memory_Protection_Unit_Region1_Settings_S=MPU_REGION_ENABLE
CORTEX_M7_BOOT.Enable_S-Cortex_Memory_Protection_Unit_Region2_Settings_S=__NULL
CORTEX_M7_BOOT.IPParameters=default_mode_Activation,CPU_ICache,CPU_DCache,Enable_S-Cortex_Memory_Protection_Unit_Region1_Settings_S,BaseAddress_S-Cortex_Memory_Protection_Unit_Region1_Settings_S,Size_S-Cortex_Memory_Protection_Unit_Region1_Settings_S,TypeExtField_S-Cortex_Memory_Protection_Unit_Region1_Settings_S,AccessPermission_S-Cortex_Memory_Protection_Unit_Region1_Settings_S,IsShareable_S-Cortex_Memory_Protection_Unit_Region1_Settings_S,IsCacheable_S-Cortex_Memory_Protection_Unit_Region1_Settings_S,IsBufferable_S-Cortex_Memory_Protection_Unit_Region1_Settings_S,Enable_S-Cortex_Memory_Protection_Unit_Region2_Settings_S,IsShareable_Spec
CORTEX_M7_BOOT.IsBufferable_S-Cortex_Memory_Protection_Unit_Region1_Settings_S=MPU_ACCESS_BUFFERABLE
CORTEX_M7_BOOT.IsCacheable_S-Cortex_Memory_Protection_Unit_Region1_Settings_S=MPU_ACCESS_CACHEABLE
CORTEX_M7_BOOT.IsShareable_S-Cortex_Memory_Protection_Unit_Region1_Settings_S=MPU_ACCESS_SHAREABLE
CORTEX_M7_BOOT.IsShareable_Spec=MPU_ACCESS_NOT_SHAREABLE
CORTEX_M7_BOOT.Size_S-Cortex_Memory_Protection_Unit_Region1_Settings_S=MPU_REGION_SIZE_128MB
CORTEX_M7_BOOT.TypeExtField_S-Cortex_Memory_Protection_Unit_Region1_Settings_S=MPU_TEX_LEVEL1
CORTEX_M7_BOOT.default_mode_Activation=1
DCMIPP.DCMIPP_PCKPOLARITY=DCMIPP_PCKPOLARITY_RISING 
DCMIPP.DCMIPP_VPolarity=DCMIPP_VSPOLARITY_HIGH 
DCMIPP.IPParameters=DCMIPP_VPolarity,DCMIPP_PCKPOLARITY
EXTMEM_MANAGER.IPParameters=RefParam_EXTMEM_Number_of_Memory,RefParam_EXTMEM_SAL_XSPI,RefParam_EXTMEM_SFDP,RefParam_EXTMEM_PSRAM,RefParam_BOOT_enable,RefParam_MEMORY_1_Instance,RefParam_MEMORY_1_ConfigType
EXTMEM_MANAGER.RefParam_BOOT_enable=true
EXTMEM_MANAGER.RefParam_EXTMEM_Number_of_Memory=1
EXTMEM_MANAGER.RefParam_EXTMEM_PSRAM=false
EXTMEM_MANAGER.RefParam_EXTMEM_SAL_XSPI=true
EXTMEM_MANAGER.RefParam_EXTMEM_SFDP=true
EXTMEM_MANAGER.RefParam_MEMORY_1_ConfigType=EXTMEM_LINK_CONFIG_8LINES
EXTMEM_MANAGER.RefParam_MEMORY_1_Instance=XSPI2
ExtMemLoader.IPs=EXTMEM_LOADER\:I,EXTMEM_MANAGER\:I,GPIO,XSPI2,SBS,GPDMA1,HPDMA1,LINKEDLIST
FMC.CASLatency1=FMC_SDRAM_CAS_LATENCY_2
FMC.ExitSelfRefreshDelay1=7
FMC.IPParameters=ReadPipeDelay1,CASLatency1,SDClockPeriod1,ReadBurst1,ReadBurst2,SDClockPeriod2,LoadToActiveDelay1,ExitSelfRefreshDelay1,SelfRefreshTime1,RowCycleDelay1,RowCycleDelay2,WriteRecoveryTime1,RPDelay1,RPDelay2
FMC.LoadToActiveDelay1=2
FMC.RPDelay1=2
FMC.RPDelay2=2
FMC.ReadBurst1=FMC_SDRAM_RBURST_ENABLE
FMC.ReadBurst2=FMC_SDRAM_RBURST_ENABLE
FMC.ReadPipeDelay1=FMC_SDRAM_RPIPE_DELAY_0
FMC.RowCycleDelay1=7
FMC.RowCycleDelay2=7
FMC.SDClockPeriod1=FMC_SDRAM_CLOCK_PERIOD_2
FMC.SDClockPeriod2=FMC_SDRAM_CLOCK_PERIOD_2
FMC.SelfRefreshTime1=4
FMC.WriteRecoveryTime1=2
File.Version=6
GPIO.groupedBy=Group By Peripherals
KeepUserPlacement=false
MMTAppReg1.MEMORYMAP.AppRegionName=DTCM
MMTAppReg1.MEMORYMAP.ContextName=Boot
MMTAppReg1.MEMORYMAP.CoreName=ARM Cortex-M7
MMTAppReg1.MEMORYMAP.DefaultDataRegion=true
MMTAppReg1.MEMORYMAP.IPParameters=StartAddress,Size,CoreName,DefaultDataRegion,ContextName,Name
MMTAppReg1.MEMORYMAP.Name=DTCM
MMTAppReg1.MEMORYMAP.Size=65536
MMTAppReg1.MEMORYMAP.StartAddress=0x20000000
MMTAppReg2.MEMORYMAP.AppRegionName=RAM
MMTAppReg2.MEMORYMAP.ContextName=Boot
MMTAppReg2.MEMORYMAP.CoreName=ARM Cortex-M7
MMTAppReg2.MEMORYMAP.DefaultDataRegion=true
MMTAppReg2.MEMORYMAP.IPParameters=StartAddress,Size,CoreName,DefaultDataRegion,ContextName,Name
MMTAppReg2.MEMORYMAP.Name=RAM
MMTAppReg2.MEMORYMAP.Size=465920
MMTAppReg2.MEMORYMAP.StartAddress=0x24000000
MMTAppReg3.MEMORYMAP.AppRegionName=ITCM
MMTAppReg3.MEMORYMAP.Cacheability=WTRA
MMTAppReg3.MEMORYMAP.ContextName=Boot
MMTAppReg3.MEMORYMAP.CoreName=ARM Cortex-M7
MMTAppReg3.MEMORYMAP.DefaultDataRegion=false
MMTAppReg3.MEMORYMAP.IPParameters=StartAddress,Size,CoreName,DefaultDataRegion,ContextName,Name,Cacheability
MMTAppReg3.MEMORYMAP.Name=ITCM
MMTAppReg3.MEMORYMAP.Size=65536
MMTAppReg3.MEMORYMAP.StartAddress=0x00000000
MMTAppReg4.MEMORYMAP.AP=RO_priv_only
MMTAppReg4.MEMORYMAP.AppRegionName=FLASH
MMTAppReg4.MEMORYMAP.Cacheability=WTRA
MMTAppReg4.MEMORYMAP.ContextName=Boot
MMTAppReg4.MEMORYMAP.CoreName=ARM Cortex-M7
MMTAppReg4.MEMORYMAP.DefaultCodeRegion=true
MMTAppReg4.MEMORYMAP.DefaultDataRegion=false
MMTAppReg4.MEMORYMAP.IPParameters=StartAddress,Size,CoreName,DefaultDataRegion,MemType,ContextName,Name,AP,Cacheability,DefaultCodeRegion
MMTAppReg4.MEMORYMAP.MemType=ROM
MMTAppReg4.MEMORYMAP.Name=FLASH
MMTAppReg4.MEMORYMAP.Size=65536
MMTAppReg4.MEMORYMAP.StartAddress=0x08000000
MMTAppReg5.MEMORYMAP.AppRegionName=DTCM
MMTAppReg5.MEMORYMAP.ContextName=Appli
MMTAppReg5.MEMORYMAP.CoreName=ARM Cortex-M7
MMTAppReg5.MEMORYMAP.DefaultDataRegion=true
MMTAppReg5.MEMORYMAP.IPParameters=StartAddress,Size,CoreName,DefaultDataRegion,ContextName,Name
MMTAppReg5.MEMORYMAP.Name=DTCM
MMTAppReg5.MEMORYMAP.Size=65536
MMTAppReg5.MEMORYMAP.StartAddress=0x20000000
MMTAppReg6.MEMORYMAP.AppRegionName=RAM
MMTAppReg6.MEMORYMAP.ContextName=Appli
MMTAppReg6.MEMORYMAP.CoreName=ARM Cortex-M7
MMTAppReg6.MEMORYMAP.DefaultDataRegion=true
MMTAppReg6.MEMORYMAP.IPParameters=StartAddress,Size,CoreName,DefaultDataRegion,ContextName,Name
MMTAppReg6.MEMORYMAP.Name=RAM
MMTAppReg6.MEMORYMAP.Size=465920
MMTAppReg6.MEMORYMAP.StartAddress=0x24000000
MMTAppReg7.MEMORYMAP.AppRegionName=ITCM
MMTAppReg7.MEMORYMAP.Cacheability=WTRA
MMTAppReg7.MEMORYMAP.ContextName=Appli
MMTAppReg7.MEMORYMAP.CoreName=ARM Cortex-M7
MMTAppReg7.MEMORYMAP.DefaultDataRegion=false
MMTAppReg7.MEMORYMAP.IPParameters=StartAddress,Size,CoreName,DefaultDataRegion,ContextName,Name,Cacheability
MMTAppReg7.MEMORYMAP.Name=ITCM
MMTAppReg7.MEMORYMAP.Size=65536
MMTAppReg7.MEMORYMAP.StartAddress=0x00000000
MMTAppReg8.MEMORYMAP.AP=RO_priv_only
MMTAppReg8.MEMORYMAP.AppRegionName=FLASH
MMTAppReg8.MEMORYMAP.Cacheability=WTRA
MMTAppReg8.MEMORYMAP.ContextName=Appli
MMTAppReg8.MEMORYMAP.CoreName=ARM Cortex-M7
MMTAppReg8.MEMORYMAP.DefaultCodeRegion=true
MMTAppReg8.MEMORYMAP.DefaultDataRegion=false
MMTAppReg8.MEMORYMAP.IPParameters=StartAddress,Size,CoreName,DefaultDataRegion,ContextName,Name,AP,Cacheability,DefaultCodeRegion
MMTAppReg8.MEMORYMAP.MemType=ROM
MMTAppReg8.MEMORYMAP.Name=FLASH
MMTAppReg8.MEMORYMAP.Size=65536
MMTAppReg8.MEMORYMAP.StartAddress=0x70000000
MMTAppReg9.MEMORYMAP.AppRegionName=Reserved FLASH(Boot)
MMTAppReg9.MEMORYMAP.ContextLink=reserved
MMTAppReg9.MEMORYMAP.ContextName=Appli
MMTAppReg9.MEMORYMAP.CoreName=ARM Cortex-M7
MMTAppReg9.MEMORYMAP.DefaultDataRegion=false
MMTAppReg9.MEMORYMAP.IPParameters=StartAddress,Size,CoreName,SizeUnit,DefaultDataRegion,MemType,ContextName,Name,ReservedRegion,LockedRegion,ContextLink
MMTAppReg9.MEMORYMAP.LockedRegion=true
MMTAppReg9.MEMORYMAP.MemType=ROM
MMTAppReg9.MEMORYMAP.Name=Reserved FLASH(Boot)
MMTAppReg9.MEMORYMAP.ReservedRegion=true
MMTAppReg9.MEMORYMAP.Size=65536
MMTAppReg9.MEMORYMAP.SizeUnit=B
MMTAppReg9.MEMORYMAP.StartAddress=0x08000000
MMTAppRegionsCount=9
MMTConfigApplied=false
Mcu.CPN=STM32H7S3L8Hx
Mcu.Context0=Boot
Mcu.Context1=Appli
Mcu.Context2=ExtMemLoader
Mcu.ContextNb=3
Mcu.Family=STM32H7
Mcu.IP0=CORTEX_M7_APPLI
Mcu.IP1=CORTEX_M7_BOOT
Mcu.IP10=SBS
Mcu.IP11=SYS
Mcu.IP12=USB_DEVICE
Mcu.IP13=USB_OTG_HS
Mcu.IP14=XSPI2
Mcu.IP15=NUCLEO-H7S3L8
Mcu.IP2=DCMIPP
Mcu.IP3=EXTMEM_MANAGER
Mcu.IP4=FMC
Mcu.IP5=MEMORYMAP
Mcu.IP6=NVIC2
Mcu.IP7=NVIC1
Mcu.IP8=PWR
Mcu.IP9=RCC
Mcu.IPNb=16
Mcu.Name=STM32H7S3L8Hx
Mcu.Package=TFBGA225 OCTO SMPS
Mcu.Pin0=PE0
Mcu.Pin1=PF3
Mcu.Pin10=PF0
Mcu.Pin11=PD7
Mcu.Pin12=PM5
Mcu.Pin13=PE13
Mcu.Pin14=PD1
Mcu.Pin15=PC11
Mcu.Pin16=PB9
Mcu.Pin17=PE1
Mcu.Pin18=PB3(JTDO/TRACESWO)
Mcu.Pin19=PF1
Mcu.Pin2=PF2
Mcu.Pin20=PD4
Mcu.Pin21=PE11
Mcu.Pin22=PD0
Mcu.Pin23=PA12
Mcu.Pin24=PA11
Mcu.Pin25=PB7
Mcu.Pin26=PB4(NJTRST)
Mcu.Pin27=PD5
Mcu.Pin28=PE15
Mcu.Pin29=PA9
Mcu.Pin3=PG3
Mcu.Pin30=PC8
Mcu.Pin31=PE6
Mcu.Pin32=PE12
Mcu.Pin33=PA10
Mcu.Pin34=PC9
Mcu.Pin35=PC6
Mcu.Pin36=PG14
Mcu.Pin37=PG12
Mcu.Pin38=PG11
Mcu.Pin39=PA8
Mcu.Pin4=PM6
Mcu.Pin40=PC7
Mcu.Pin41=PN1
Mcu.Pin42=PG15
Mcu.Pin43=PG13
Mcu.Pin44=PN3
Mcu.Pin45=PN0
Mcu.Pin46=PN11
Mcu.Pin47=PN10
Mcu.Pin48=PN9
Mcu.Pin49=PN2
Mcu.Pin5=PD3
Mcu.Pin50=PN6
Mcu.Pin51=PH0-OSC_IN(PH0)
Mcu.Pin52=PH1-OSC_OUT(PH1)
Mcu.Pin53=PC0
Mcu.Pin54=PN8
Mcu.Pin55=PN4
Mcu.Pin56=PN5
Mcu.Pin57=PC1
Mcu.Pin58=PC2
Mcu.Pin59=PC3
Mcu.Pin6=PE14
Mcu.Pin60=PA2
Mcu.Pin61=PC4
Mcu.Pin62=PD15
Mcu.Pin63=PD14
Mcu.Pin64=PA0
Mcu.Pin65=PA1
Mcu.Pin66=PA4
Mcu.Pin67=PE7
Mcu.Pin68=PG6
Mcu.Pin69=PD8
Mcu.Pin7=PB8
Mcu.Pin70=PD11
Mcu.Pin71=PB15
Mcu.Pin72=PC5
Mcu.Pin73=PG4
Mcu.Pin74=PG7
Mcu.Pin75=PF13
Mcu.Pin76=PE9
Mcu.Pin77=PG5
Mcu.Pin78=PG8
Mcu.Pin79=PD9
Mcu.Pin8=PE2
Mcu.Pin80=PF12
Mcu.Pin81=PE8
Mcu.Pin82=PE10
Mcu.Pin83=PG9
Mcu.Pin84=PG10
Mcu.Pin85=VP_EXTMEM_MANAGER_SIG_Activate_EXTMEM
Mcu.Pin86=VP_SBS_VS-SBS
Mcu.Pin87=VP_SYS_VS_Systick
Mcu.Pin88=VP_USB_DEVICE_VS_USB_DEVICE_CUSTOM_HID_HS
Mcu.Pin89=VP_XSPI2_VS_octo
Mcu.Pin9=PB5
Mcu.Pin90=VP_MEMORYMAP_VS_MEMORYMAP
Mcu.PinsNb=91
Mcu.ThirdPartyNb=0
Mcu.UserConstants=
Mcu.UserName=STM32H7S3L8Hx
MxCube.Version=6.15.0
MxDb.Version=DB.6.0.150
NVIC1.BusFault_IRQn=true\:0\:0\:false\:false\:true\:false\:false\:false
NVIC1.DebugMonitor_IRQn=true\:0\:0\:false\:false\:true\:false\:false\:false
NVIC1.ForceEnableDMAVector=true
NVIC1.HardFault_IRQn=true\:0\:0\:false\:false\:true\:false\:false\:false
NVIC1.MemoryManagement_IRQn=true\:0\:0\:false\:false\:true\:false\:false\:false
NVIC1.NonMaskableInt_IRQn=true\:0\:0\:false\:false\:true\:false\:false\:false
NVIC1.OTG_HS_IRQn=true\:0\:0\:false\:false\:true\:false\:true\:true
NVIC1.PendSV_IRQn=true\:0\:0\:false\:false\:true\:false\:false\:false
NVIC1.PriorityGroup=NVIC_PRIORITYGROUP_4
NVIC1.SVCall_IRQn=true\:0\:0\:false\:false\:true\:false\:false\:false
NVIC1.SysTick_IRQn=true\:15\:0\:false\:false\:true\:false\:true\:false
NVIC1.UsageFault_IRQn=true\:0\:0\:false\:false\:true\:false\:false\:false
NVIC2.BusFault_IRQn=true\:0\:0\:false\:false\:true\:false\:false\:false
NVIC2.DebugMonitor_IRQn=true\:0\:0\:false\:false\:true\:false\:false\:false
NVIC2.ForceEnableDMAVector=true
NVIC2.HardFault_IRQn=true\:0\:0\:false\:false\:true\:false\:false\:false
NVIC2.MemoryManagement_IRQn=true\:0\:0\:false\:false\:true\:false\:false\:false
NVIC2.NonMaskableInt_IRQn=true\:0\:0\:false\:false\:true\:false\:false\:false
NVIC2.OTG_HS_IRQn=true\:0\:0\:false\:false\:true\:false\:true\:true
NVIC2.PendSV_IRQn=true\:0\:0\:false\:false\:true\:false\:false\:false
NVIC2.PriorityGroup=NVIC_PRIORITYGROUP_4
NVIC2.SVCall_IRQn=true\:0\:0\:false\:false\:true\:false\:false\:false
NVIC2.SysTick_IRQn=true\:15\:0\:false\:false\:true\:false\:true\:false
NVIC2.UsageFault_IRQn=true\:0\:0\:false\:false\:true\:false\:false\:false
PA0.GPIOParameters=PinAttribute
PA0.PinAttribute=Boot,Appli
PA0.Signal=FMC_D7_DA7
PA1.GPIOParameters=PinAttribute
PA1.PinAttribute=Boot,Appli
PA1.Signal=FMC_D6_DA6
PA10.GPIOParameters=PinAttribute
PA10.PinAttribute=Boot,Appli
PA10.Signal=FMC_D2_DA2
PA11.GPIOParameters=PinAttribute
PA11.PinAttribute=Boot,Appli
PA11.Signal=FMC_D1_DA1
PA12.GPIOParameters=PinAttribute
PA12.PinAttribute=Boot,Appli
PA12.Signal=FMC_D0_DA0
PA2.GPIOParameters=PinAttribute
PA2.PinAttribute=Boot,Appli
PA2.Signal=FMC_D5_DA5
PA4.GPIOParameters=PinAttribute
PA4.Mode=Activate_SOF_FS
PA4.PinAttribute=Boot,Appli
PA4.Signal=USB_OTG_HS_SOF
PA8.GPIOParameters=PinAttribute
PA8.PinAttribute=Boot,Appli
PA8.Signal=FMC_D4_DA4
PA9.GPIOParameters=PinAttribute
PA9.PinAttribute=Boot,Appli
PA9.Signal=FMC_D3_DA3
PB15.GPIOParameters=PinAttribute
PB15.Mode=Mode_PVD_Ext
PB15.PinAttribute=Boot,Appli
PB15.Signal=PWR_PVD_IN
PB3(JTDO/TRACESWO).GPIOParameters=PinAttribute
PB3(JTDO/TRACESWO).PinAttribute=Boot,Appli
PB3(JTDO/TRACESWO).Signal=FMC_D14_DA14
PB4(NJTRST).GPIOParameters=PinAttribute
PB4(NJTRST).PinAttribute=Boot,Appli
PB4(NJTRST).Signal=FMC_D13_DA13
PB5.GPIOParameters=PinAttribute
PB5.PinAttribute=Boot,Appli
PB5.Signal=FMC_D12_DA12
PB7.GPIOParameters=PinAttribute
PB7.Mode=Slave_8_bits_External_Synchro
PB7.PinAttribute=Boot,Appli
PB7.Signal=DCMIPP_VSYNC
PB8.GPIOParameters=PinAttribute
PB8.Mode=Slave_8_bits_External_Synchro
PB8.PinAttribute=Boot,Appli
PB8.Signal=DCMIPP_D6
PB9.GPIOParameters=PinAttribute
PB9.Mode=Slave_8_bits_External_Synchro
PB9.PinAttribute=Boot,Appli
PB9.Signal=DCMIPP_D7
PC0.GPIOParameters=PinAttribute
PC0.PinAttribute=Boot,Appli
PC0.Signal=FMC_NBL1
PC1.GPIOParameters=PinAttribute
PC1.PinAttribute=Boot,Appli
PC1.Signal=FMC_A0
PC11.GPIOParameters=PinAttribute
PC11.Mode=Slave_8_bits_External_Synchro
PC11.PinAttribute=Boot,Appli
PC11.Signal=DCMIPP_D4
PC2.GPIOParameters=PinAttribute
PC2.PinAttribute=Boot,Appli
PC2.Signal=FMC_A1
PC3.GPIOParameters=PinAttribute
PC3.PinAttribute=Boot,Appli
PC3.Signal=FMC_A2
PC4.GPIOParameters=PinAttribute
PC4.PinAttribute=Boot,Appli
PC4.Signal=FMC_A3
PC5.GPIOParameters=PinAttribute
PC5.PinAttribute=Boot,Appli
PC5.Signal=FMC_A5
PC6.GPIOParameters=PinAttribute
PC6.Mode=Slave_8_bits_External_Synchro
PC6.PinAttribute=Boot,Appli
PC6.Signal=DCMIPP_D0
PC7.GPIOParameters=PinAttribute
PC7.Mode=Slave_8_bits_External_Synchro
PC7.PinAttribute=Boot,Appli
PC7.Signal=DCMIPP_D1
PC8.GPIOParameters=PinAttribute
PC8.Mode=Slave_8_bits_External_Synchro
PC8.PinAttribute=Boot,Appli
PC8.Signal=DCMIPP_D2
PC9.GPIOParameters=PinAttribute
PC9.Mode=Slave_8_bits_External_Synchro
PC9.PinAttribute=Boot,Appli
PC9.Signal=DCMIPP_D3
PD0.GPIOParameters=PinAttribute
PD0.PinAttribute=Boot,Appli
PD0.Signal=FMC_A6
PD1.GPIOParameters=PinAttribute
PD1.PinAttribute=Boot,Appli
PD1.Signal=FMC_A7
PD11.GPIOParameters=PinAttribute
PD11.PinAttribute=Boot,Appli
PD11.Signal=FMC_D16
PD14.GPIOParameters=PinAttribute
PD14.PinAttribute=Boot,Appli
PD14.Signal=FMC_D17
PD15.GPIOParameters=PinAttribute
PD15.PinAttribute=Boot,Appli
PD15.Signal=FMC_D18
PD3.GPIOParameters=PinAttribute
PD3.Mode=Slave_8_bits_External_Synchro
PD3.PinAttribute=Boot,Appli
PD3.Signal=DCMIPP_D5
PD4.GPIOParameters=PinAttribute
PD4.Mode=Slave_8_bits_External_Synchro
PD4.PinAttribute=Boot,Appli
PD4.Signal=DCMIPP_HSYNC
PD5.GPIOParameters=PinAttribute
PD5.Mode=Slave_8_bits_External_Synchro
PD5.PinAttribute=Boot,Appli
PD5.Signal=DCMIPP_PIXCLK
PD7.GPIOParameters=PinAttribute
PD7.PinAttribute=Boot,Appli
PD7.Signal=FMC_D8_DA8
PD8.GPIOParameters=PinAttribute
PD8.PinAttribute=Boot,Appli
PD8.Signal=FMC_NBL0
PD9.GPIOParameters=PinAttribute
PD9.PinAttribute=Boot,Appli
PD9.Signal=FMC_SDCLK
PE0.GPIOParameters=PinAttribute
PE0.PinAttribute=Boot,Appli
PE0.Signal=FMC_D9_DA9
PE1.GPIOParameters=PinAttribute
PE1.PinAttribute=Boot,Appli
PE1.Signal=FMC_D10_DA10
PE10.GPIOParameters=PinAttribute
PE10.PinAttribute=Boot,Appli
PE10.Signal=FMC_A15_BA1
PE11.GPIOParameters=PinAttribute
PE11.PinAttribute=Boot,Appli
PE11.Signal=FMC_SDNWE
PE12.GPIOParameters=PinAttribute
PE12.PinAttribute=Boot,Appli
PE12.Signal=FMC_SDNRAS
PE13.GPIOParameters=PinAttribute
PE13.PinAttribute=Boot,Appli
PE13.Signal=FMC_SDNCAS
PE14.GPIOParameters=PinAttribute
PE14.Mode=SdramChipSelect1_1
PE14.PinAttribute=Boot,Appli
PE14.Signal=FMC_SDNE0
PE15.GPIOParameters=PinAttribute
PE15.Mode=SdramChipSelect1_1
PE15.PinAttribute=Boot,Appli
PE15.Signal=FMC_SDCKE0
PE2.GPIOParameters=PinAttribute
PE2.PinAttribute=Boot,Appli
PE2.Signal=FMC_D11_DA11
PE6.GPIOParameters=PinAttribute
PE6.PinAttribute=Boot,Appli
PE6.Signal=FMC_D15_DA15
PE7.GPIOParameters=PinAttribute
PE7.PinAttribute=Boot,Appli
PE7.Signal=FMC_A4
PE8.GPIOParameters=PinAttribute
PE8.PinAttribute=Boot,Appli
PE8.Signal=FMC_A12
PE9.GPIOParameters=PinAttribute
PE9.PinAttribute=Boot,Appli
PE9.Signal=FMC_A14_BA0
PF0.GPIOParameters=PinAttribute
PF0.PinAttribute=Boot,Appli
PF0.Signal=FMC_A8
PF1.GPIOParameters=PinAttribute
PF1.PinAttribute=Boot,Appli
PF1.Signal=FMC_A9
PF12.GPIOParameters=PinAttribute
PF12.PinAttribute=Boot,Appli
PF12.Signal=FMC_D19
PF13.GPIOParameters=PinAttribute
PF13.PinAttribute=Boot,Appli
PF13.Signal=FMC_D20
PF2.GPIOParameters=PinAttribute
PF2.PinAttribute=Boot,Appli
PF2.Signal=FMC_A10
PF3.GPIOParameters=PinAttribute
PF3.PinAttribute=Boot,Appli
PF3.Signal=FMC_A11
PG10.GPIOParameters=PinAttribute
PG10.PinAttribute=Boot,Appli
PG10.Signal=FMC_D27
PG11.GPIOParameters=PinAttribute
PG11.PinAttribute=Boot,Appli
PG11.Signal=FMC_D28
PG12.GPIOParameters=PinAttribute
PG12.PinAttribute=Boot,Appli
PG12.Signal=FMC_D29
PG13.GPIOParameters=PinAttribute
PG13.PinAttribute=Boot,Appli
PG13.Signal=FMC_D30
PG14.GPIOParameters=PinAttribute
PG14.PinAttribute=Boot,Appli
PG14.Signal=FMC_D31
PG15.GPIOParameters=PinAttribute
PG15.PinAttribute=Boot,Appli
PG15.Signal=FMC_NBL3
PG3.GPIOParameters=PinAttribute
PG3.PinAttribute=Boot,Appli
PG3.Signal=FMC_D21
PG4.GPIOParameters=PinAttribute
PG4.PinAttribute=Boot,Appli
PG4.Signal=FMC_D22
PG5.GPIOParameters=PinAttribute
PG5.PinAttribute=Boot,Appli
PG5.Signal=FMC_D23
PG6.GPIOParameters=PinAttribute
PG6.PinAttribute=Boot,Appli
PG6.Signal=FMC_NBL2
PG7.GPIOParameters=PinAttribute
PG7.PinAttribute=Boot,Appli
PG7.Signal=FMC_D24
PG8.GPIOParameters=PinAttribute
PG8.PinAttribute=Boot,Appli
PG8.Signal=FMC_D25
PG9.GPIOParameters=PinAttribute
PG9.PinAttribute=Boot,Appli
PG9.Signal=FMC_D26
PH0-OSC_IN(PH0).Mode=HSE-External-Oscillator
PH0-OSC_IN(PH0).Signal=RCC_OSC_IN
PH1-OSC_OUT(PH1).Mode=HSE-External-Oscillator
PH1-OSC_OUT(PH1).Signal=RCC_OSC_OUT
PM5.Mode=Internal_Phy_Device
PM5.Signal=USB_OTG_HS_DM
PM6.Mode=Internal_Phy_Device
PM6.Signal=USB_OTG_HS_DP
PN0.GPIOParameters=PinAttribute
PN0.Mode=XSPI2_Port2Octo
PN0.PinAttribute=Boot,ExtMemLoader
PN0.Signal=XSPIM_P2_DQS0
PN1.GPIOParameters=PinAttribute
PN1.Mode=XSPI2_NCS1_Port2
PN1.PinAttribute=Boot,ExtMemLoader
PN1.Signal=XSPIM_P2_NCS1
PN10.GPIOParameters=PinAttribute
PN10.Mode=XSPI2_Port2Octo
PN10.PinAttribute=Boot,ExtMemLoader
PN10.Signal=XSPIM_P2_IO6
PN11.GPIOParameters=PinAttribute
PN11.Mode=XSPI2_Port2Octo
PN11.PinAttribute=Boot,ExtMemLoader
PN11.Signal=XSPIM_P2_IO7
PN2.GPIOParameters=PinAttribute
PN2.Mode=XSPI2_Port2Octo
PN2.PinAttribute=Boot,ExtMemLoader
PN2.Signal=XSPIM_P2_IO0
PN3.GPIOParameters=PinAttribute
PN3.Mode=XSPI2_Port2Octo
PN3.PinAttribute=Boot,ExtMemLoader
PN3.Signal=XSPIM_P2_IO1
PN4.GPIOParameters=PinAttribute
PN4.Mode=XSPI2_Port2Octo
PN4.PinAttribute=Boot,ExtMemLoader
PN4.Signal=XSPIM_P2_IO2
PN5.GPIOParameters=PinAttribute
PN5.Mode=XSPI2_Port2Octo
PN5.PinAttribute=Boot,ExtMemLoader
PN5.Signal=XSPIM_P2_IO3
PN6.GPIOParameters=PinAttribute
PN6.Mode=XSPI2_Port2Octo
PN6.PinAttribute=Boot,ExtMemLoader
PN6.Signal=XSPIM_P2_CLK
PN8.GPIOParameters=PinAttribute
PN8.Mode=XSPI2_Port2Octo
PN8.PinAttribute=Boot,ExtMemLoader
PN8.Signal=XSPIM_P2_IO4
PN9.GPIOParameters=PinAttribute
PN9.Mode=XSPI2_Port2Octo
PN9.PinAttribute=Boot,ExtMemLoader
PN9.Signal=XSPIM_P2_IO5
PinOutPanel.CurrentBGAView=Top
PinOutPanel.RotationAngle=0
ProjectManager.AskForMigrate=true
ProjectManager.BackupPrevious=false
ProjectManager.CompilerLinker=GCC
ProjectManager.CompilerOptimize=6
ProjectManager.ComputerToolchain=false
ProjectManager.CoupleFile=false
ProjectManager.CustomerFirmwarePackage=
ProjectManager.DefaultFWLocation=true
ProjectManager.DeletePrevious=true
ProjectManager.DeviceId=STM32H7S3L8Hx
ProjectManager.FirmwarePackage=STM32Cube FW_H7RS V1.2.0
ProjectManager.FreePins=false
ProjectManager.HalAssertFull=false
ProjectManager.HeapSize=App-0x200,Boot-0x200,ExtMemLoader-0x200
ProjectManager.KeepUserCode=true
ProjectManager.LastFirmware=true
ProjectManager.LibraryCopy=1
ProjectManager.MainLocation=Core/Src
ProjectManager.NoMain=true
ProjectManager.PreviousToolchain=
ProjectManager.ProjectBuild=false
ProjectManager.ProjectFileName=CMOS-TTL-webcam.ioc
ProjectManager.ProjectName=CMOS-TTL-webcam
ProjectManager.ProjectStructure=Boot\:Boot Project\:true;App\:Appli Project\:true;ExtMemLoader\:ExtMemLoader Project\:false;
ProjectManager.RegisterCallBack=
ProjectManager.StackSize=App-0x400,Boot-0x400,ExtMemLoader-0x400
ProjectManager.TargetToolchain=STM32CubeIDE
ProjectManager.ToolChainLocation=
ProjectManager.UAScriptAfterPath=
ProjectManager.UAScriptBeforePath=
ProjectManager.UnderRoot=true
ProjectManager.functionlistsort=1-SystemClock_Config-RCC-false-HAL-false-Boot,2-MX_GPIO_Init-GPIO-false-HAL-true-Boot,3-MX_SBS_Init-SBS-false-HAL-true-Boot,4-MX_DCMIPP_Init-DCMIPP-false-HAL-true-Boot,5-MX_XSPI2_Init-XSPI2-false-HAL-true-Boot,6-MX_USB_DEVICE_Init-USB_DEVICE-false-HAL-false-Boot,7-MX_EXTMEM_MANAGER_Init-EXTMEM_MANAGER-false-HAL-false-Boot,1-SystemClock_Config-RCC-false-HAL-false-Appli,2-MX_GPIO_Init-GPIO-false-HAL-true-Appli,3-MX_DCMIPP_Init-DCMIPP-false-HAL-true-Appli,4-MX_USB_DEVICE_Init-USB_DEVICE-false-HAL-false-Appli,0-MX_CORTEX_M7_BOOT_Init-CORTEX_M7_BOOT-false-HAL-true-Boot,0-MX_PWR_Init-PWR-false-HAL-true-Boot,0-MX_CORTEX_M7_APPLI_Init-CORTEX_M7_APPLI-false-HAL-true-Appli,0-MX_PWR_Init-PWR-false-HAL-true-Appli,1-SystemClock_Config-RCC-false-HAL-false-ExtMemLoader,2-MX_GPIO_Init-GPIO-false-HAL-true-ExtMemLoader,3-MX_SBS_Init-SBS-false-HAL-true-ExtMemLoader,4-MX_XSPI2_Init-XSPI2-false-HAL-true-ExtMemLoader,5-MX_EXTMEM_MANAGER_Init-EXTMEM_MANAGER-false-HAL-false-ExtMemLoader
RCC.ADCFreq_Value=200000000
RCC.ADFFreq_Value=300000000
RCC.AHB1234Freq_Value=300000000
RCC.AHB5ClockFreq_Value=300000000
RCC.APB1Freq_Value=150000000
RCC.APB2Freq_Value=150000000
RCC.APB4Freq_Value=150000000
RCC.APB5Freq_Value=150000000
RCC.AXIClockFreq_Value=300000000
RCC.BMPRE=RCC_HCLK_DIV2
RCC.CECFreq_Value=32768
RCC.CKPERFreq_Value=64000000
RCC.CPREFreq_Value=600000000
RCC.CortexFreq_Value=600000000
RCC.CpuClockFreq_Value=600000000
RCC.DIVM2=4
RCC.DIVN1=300
RCC.DIVN2=25
RCC.DIVP1=1
RCC.DIVP1Freq_Value=600000000
RCC.DIVP2Freq_Value=200000000
RCC.DIVP3Freq_Value=128000000
RCC.DIVQ1Freq_Value=300000000
RCC.DIVQ2Freq_Value=200000000
RCC.DIVQ3Freq_Value=128000000
RCC.DIVR1Freq_Value=300000000
RCC.DIVR2Freq_Value=200000000
RCC.DIVR3Freq_Value=128000000
RCC.DIVS1Freq_Value=300000000
RCC.DIVS2Freq_Value=200000000
RCC.DIVS3Freq_Value=128000000
RCC.DIVT1Freq_Value=300000000
RCC.DIVT2Freq_Value=200000000
RCC.DIVT3Freq_Value=128000000
RCC.DTSFreq_Value=32768
RCC.ETH1Freq_Value=12288000
RCC.ETHPHYFreq_Value=24000000
RCC.FDCANFreq_Value=24000000
RCC.FMCFreq_Value=300000000
RCC.FamilyName=M
RCC.HCLKFreq_Value=300000000
RCC.I2C1Freq_Value=150000000
RCC.I2C23Freq_Value=150000000
RCC.I2CI3C1Freq_Value=150000000
RCC.IPParameters=ADCFreq_Value,ADFFreq_Value,AHB1234Freq_Value,AHB5ClockFreq_Value,APB1Freq_Value,APB2Freq_Value,APB4Freq_Value,APB5Freq_Value,AXIClockFreq_Value,BMPRE,CECFreq_Value,CKPERFreq_Value,CPREFreq_Value,CortexFreq_Value,CpuClockFreq_Value,DIVM2,DIVN1,DIVN2,DIVP1,DIVP1Freq_Value,DIVP2Freq_Value,DIVP3Freq_Value,DIVQ1Freq_Value,DIVQ2Freq_Value,DIVQ3Freq_Value,DIVR1Freq_Value,DIVR2Freq_Value,DIVR3Freq_Value,DIVS1Freq_Value,DIVS2Freq_Value,DIVS3Freq_Value,DIVT1Freq_Value,DIVT2Freq_Value,DIVT3Freq_Value,DTSFreq_Value,ETH1Freq_Value,ETHPHYFreq_Value,FDCANFreq_Value,FMCFreq_Value,FamilyName,HCLKFreq_Value,I2C1Freq_Value,I2C23Freq_Value,I2CI3C1Freq_Value,LPTIM1Freq_Value,LPTIM23Freq_Value,LPTIM45Freq_Value,LPUART1Freq_Value,LTDCFreq_Value,MCO1PinFreq_Value,MCO2PinFreq_Value,OSPI1Freq_Value,OSPI2Freq_Value,PPRE1,PPRE2,PPRE4,PPRE5,PSSIFreq_Value,RTCFreq_Value,SAI1Freq_Value,SAI2Freq_Value,SDMMCFreq_Value,SPDIFRXFreq_Value,SPI1Freq_Value,SPI23Freq_Value,SPI45Freq_Value,SPI6Freq_Value,SYSCLKFreq_VALUE,SYSCLKSource,SupplySource,TPIUFreq_Value,Tim1OutputFreq_Value,Tim2OutputFreq_Value,UCPDFreq_Value,USART1Freq_Value,USART234578Freq_Value,USBOFSFreq_Value,USBPHYFreq_Value,VCO1OutputFreq_Value,VCO2OutputFreq_Value,VCO3OutputFreq_Value,VCOInput1Freq_Value,VCOInput2Freq_Value,VCOInput3Freq_Value,Xspi1ClockSelection,Xspi2ClockSelection
RCC.LPTIM1Freq_Value=150000000
RCC.LPTIM23Freq_Value=150000000
RCC.LPTIM45Freq_Value=150000000
RCC.LPUART1Freq_Value=150000000
RCC.LTDCFreq_Value=128000000
RCC.MCO1PinFreq_Value=64000000
RCC.MCO2PinFreq_Value=600000000
RCC.OSPI1Freq_Value=200000000
RCC.OSPI2Freq_Value=200000000
RCC.PPRE1=RCC_APB1_DIV2
RCC.PPRE2=RCC_APB2_DIV2
RCC.PPRE4=RCC_APB4_DIV2
RCC.PPRE5=RCC_APB5_DIV2
RCC.PSSIFreq_Value=128000000
RCC.RTCFreq_Value=32000
RCC.SAI1Freq_Value=300000000
RCC.SAI2Freq_Value=300000000
RCC.SDMMCFreq_Value=200000000
RCC.SPDIFRXFreq_Value=300000000
RCC.SPI1Freq_Value=300000000
RCC.SPI23Freq_Value=300000000
RCC.SPI45Freq_Value=150000000
RCC.SPI6Freq_Value=150000000
RCC.SYSCLKFreq_VALUE=600000000
RCC.SYSCLKSource=RCC_SYSCLKSOURCE_PLLCLK
RCC.SupplySource=PWR_LDO_SUPPLY
RCC.TPIUFreq_Value=200000000
RCC.Tim1OutputFreq_Value=300000000
RCC.Tim2OutputFreq_Value=300000000
RCC.UCPDFreq_Value=16000000
RCC.USART1Freq_Value=150000000
RCC.USART234578Freq_Value=150000000
RCC.USBOFSFreq_Value=48000000
RCC.USBPHYFreq_Value=24000000
RCC.VCO1OutputFreq_Value=600000000
RCC.VCO2OutputFreq_Value=400000000
RCC.VCO3OutputFreq_Value=256000000
RCC.VCOInput1Freq_Value=2000000
RCC.VCOInput2Freq_Value=16000000
RCC.VCOInput3Freq_Value=2000000
RCC.Xspi1ClockSelection=RCC_XSPI1CLKSOURCE_PLL2S
RCC.Xspi2ClockSelection=RCC_XSPI2CLKSOURCE_PLL2S
SBS.IPParameters=XSPIM1,XSPIM2
SBS.XSPIM1=Disable
SBS.XSPIM2=Enable
SH.FMC_A0.0=FMC_A0,13b-sda1
SH.FMC_A0.ConfNb=1
SH.FMC_A1.0=FMC_A1,13b-sda1
SH.FMC_A1.ConfNb=1
SH.FMC_A10.0=FMC_A10,13b-sda1
SH.FMC_A10.ConfNb=1
SH.FMC_A11.0=FMC_A11,13b-sda1
SH.FMC_A11.ConfNb=1
SH.FMC_A12.0=FMC_A12,13b-sda1
SH.FMC_A12.ConfNb=1
SH.FMC_A14_BA0.0=FMC_BA0,FourSdramBanks1
SH.FMC_A14_BA0.ConfNb=1
SH.FMC_A15_BA1.0=FMC_BA1,FourSdramBanks1
SH.FMC_A15_BA1.ConfNb=1
SH.FMC_A2.0=FMC_A2,13b-sda1
SH.FMC_A2.ConfNb=1
SH.FMC_A3.0=FMC_A3,13b-sda1
SH.FMC_A3.ConfNb=1
SH.FMC_A4.0=FMC_A4,13b-sda1
SH.FMC_A4.ConfNb=1
SH.FMC_A5.0=FMC_A5,13b-sda1
SH.FMC_A5.ConfNb=1
SH.FMC_A6.0=FMC_A6,13b-sda1
SH.FMC_A6.ConfNb=1
SH.FMC_A7.0=FMC_A7,13b-sda1
SH.FMC_A7.ConfNb=1
SH.FMC_A8.0=FMC_A8,13b-sda1
SH.FMC_A8.ConfNb=1
SH.FMC_A9.0=FMC_A9,13b-sda1
SH.FMC_A9.ConfNb=1
SH.FMC_D0_DA0.0=FMC_D0,sd-32b-d1
SH.FMC_D0_DA0.ConfNb=1
SH.FMC_D10_DA10.0=FMC_D10,sd-32b-d1
SH.FMC_D10_DA10.ConfNb=1
SH.FMC_D11_DA11.0=FMC_D11,sd-32b-d1
SH.FMC_D11_DA11.ConfNb=1
SH.FMC_D12_DA12.0=FMC_D12,sd-32b-d1
SH.FMC_D12_DA12.ConfNb=1
SH.FMC_D13_DA13.0=FMC_D13,sd-32b-d1
SH.FMC_D13_DA13.ConfNb=1
SH.FMC_D14_DA14.0=FMC_D14,sd-32b-d1
SH.FMC_D14_DA14.ConfNb=1
SH.FMC_D15_DA15.0=FMC_D15,sd-32b-d1
SH.FMC_D15_DA15.ConfNb=1
SH.FMC_D16.0=FMC_D16,sd-32b-d1
SH.FMC_D16.ConfNb=1
SH.FMC_D17.0=FMC_D17,sd-32b-d1
SH.FMC_D17.ConfNb=1
SH.FMC_D18.0=FMC_D18,sd-32b-d1
SH.FMC_D18.ConfNb=1
SH.FMC_D19.0=FMC_D19,sd-32b-d1
SH.FMC_D19.ConfNb=1
SH.FMC_D1_DA1.0=FMC_D1,sd-32b-d1
SH.FMC_D1_DA1.ConfNb=1
SH.FMC_D20.0=FMC_D20,sd-32b-d1
SH.FMC_D20.ConfNb=1
SH.FMC_D21.0=FMC_D21,sd-32b-d1
SH.FMC_D21.ConfNb=1
SH.FMC_D22.0=FMC_D22,sd-32b-d1
SH.FMC_D22.ConfNb=1
SH.FMC_D23.0=FMC_D23,sd-32b-d1
SH.FMC_D23.ConfNb=1
SH.FMC_D24.0=FMC_D24,sd-32b-d1
SH.FMC_D24.ConfNb=1
SH.FMC_D25.0=FMC_D25,sd-32b-d1
SH.FMC_D25.ConfNb=1
SH.FMC_D26.0=FMC_D26,sd-32b-d1
SH.FMC_D26.ConfNb=1
SH.FMC_D27.0=FMC_D27,sd-32b-d1
SH.FMC_D27.ConfNb=1
SH.FMC_D28.0=FMC_D28,sd-32b-d1
SH.FMC_D28.ConfNb=1
SH.FMC_D29.0=FMC_D29,sd-32b-d1
SH.FMC_D29.ConfNb=1
SH.FMC_D2_DA2.0=FMC_D2,sd-32b-d1
SH.FMC_D2_DA2.ConfNb=1
SH.FMC_D30.0=FMC_D30,sd-32b-d1
SH.FMC_D30.ConfNb=1
SH.FMC_D31.0=FMC_D31,sd-32b-d1
SH.FMC_D31.ConfNb=1
SH.FMC_D3_DA3.0=FMC_D3,sd-32b-d1
SH.FMC_D3_DA3.ConfNb=1
SH.FMC_D4_DA4.0=FMC_D4,sd-32b-d1
SH.FMC_D4_DA4.ConfNb=1
SH.FMC_D5_DA5.0=FMC_D5,sd-32b-d1
SH.FMC_D5_DA5.ConfNb=1
SH.FMC_D6_DA6.0=FMC_D6,sd-32b-d1
SH.FMC_D6_DA6.ConfNb=1
SH.FMC_D7_DA7.0=FMC_D7,sd-32b-d1
SH.FMC_D7_DA7.ConfNb=1
SH.FMC_D8_DA8.0=FMC_D8,sd-32b-d1
SH.FMC_D8_DA8.ConfNb=1
SH.FMC_D9_DA9.0=FMC_D9,sd-32b-d1
SH.FMC_D9_DA9.ConfNb=1
SH.FMC_NBL0.0=FMC_NBL0,Sd4ByteEnable1
SH.FMC_NBL0.ConfNb=1
SH.FMC_NBL1.0=FMC_NBL1,Sd4ByteEnable1
SH.FMC_NBL1.ConfNb=1
SH.FMC_NBL2.0=FMC_NBL2,Sd4ByteEnable1
SH.FMC_NBL2.ConfNb=1
SH.FMC_NBL3.0=FMC_NBL3,Sd4ByteEnable1
SH.FMC_NBL3.ConfNb=1
SH.FMC_SDCLK.0=FMC_SDCLK,13b-sda1
SH.FMC_SDCLK.ConfNb=1
SH.FMC_SDNCAS.0=FMC_SDNCAS,13b-sda1
SH.FMC_SDNCAS.ConfNb=1
SH.FMC_SDNRAS.0=FMC_SDNRAS,13b-sda1
SH.FMC_SDNRAS.ConfNb=1
SH.FMC_SDNWE.0=FMC_SDNWE,13b-sda1
SH.FMC_SDNWE.ConfNb=1
USB_DEVICE.CLASS_NAME_HS=CUSTOM_HID
USB_DEVICE.IPParameters=VirtualModeHS,CLASS_NAME_HS,VirtualMode-CUSTOM_HID_HS
USB_DEVICE.VirtualMode-CUSTOM_HID_HS=CustomHid
USB_DEVICE.VirtualModeHS=Custom_Hid_HS
USB_OTG_HS.IPParameters=VirtualMode
USB_OTG_HS.VirtualMode=Device_HS
VP_EXTMEM_MANAGER_SIG_Activate_EXTMEM.Mode=Activate_EXTMEM
VP_EXTMEM_MANAGER_SIG_Activate_EXTMEM.Signal=EXTMEM_MANAGER_SIG_Activate_EXTMEM
VP_MEMORYMAP_VS_MEMORYMAP.Mode=CurAppReg
VP_MEMORYMAP_VS_MEMORYMAP.Signal=MEMORYMAP_VS_MEMORYMAP
VP_SBS_VS-SBS.Mode=SBS
VP_SBS_VS-SBS.Signal=SBS_VS-SBS
VP_SYS_VS_Systick.Mode=SysTick
VP_SYS_VS_Systick.Signal=SYS_VS_Systick
VP_USB_DEVICE_VS_USB_DEVICE_CUSTOM_HID_HS.Mode=CUSTOM_HID_HS
VP_USB_DEVICE_VS_USB_DEVICE_CUSTOM_HID_HS.Signal=USB_DEVICE_VS_USB_DEVICE_CUSTOM_HID_HS
VP_XSPI2_VS_octo.Mode=octo_mode
VP_XSPI2_VS_octo.Signal=XSPI2_VS_octo
XSPI2.ChipSelectHighTimeCycle=2
XSPI2.ClockPrescaler=3
XSPI2.DelayHoldQuarterCycle=HAL_XSPI_DHQC_ENABLE
XSPI2.FifoThresholdByte=4
XSPI2.IPParameters=FifoThresholdByte,MemoryType,MemorySize,ChipSelectHighTimeCycle,DelayHoldQuarterCycle,ClockPrescaler
XSPI2.MemorySize=HAL_XSPI_SIZE_32GB
XSPI2.MemoryType=HAL_XSPI_MEMTYPE_MACRONIX
board=NUCLEO-H7S3L8
boardIOC=true
isbadioc=false
